// !$*UTF8*$!
{
	archiveVersion = 1;
	classes = {
	};
	objectVersion = 77;
	objects = {

/* Begin PBXBuildFile section */
		97CCBFF72DCBB21E0028C2E3 /* MarkdownWebView in Frameworks */ = {isa = PBXBuildFile; productRef = 97CCBFF62DCBB21E0028C2E3 /* MarkdownWebView */; };
		97CCC0072DCBB81B0028C2E3 /* README.md in Resources */ = {isa = PBXBuildFile; fileRef = 97CCC0012DCBB81B0028C2E3 /* README.md */; };
/* End PBXBuildFile section */

/* Begin PBXContainerItemProxy section */
		97CCBFD92DCBB1680028C2E3 /* PBXContainerItemProxy */ = {
			isa = PBXContainerItemProxy;
			containerPortal = 97CCBFBF2DCBB1660028C2E3 /* Project object */;
			proxyType = 1;
			remoteGlobalIDString = 97CCBFC62DCBB1660028C2E3;
			remoteInfo = streamStyle;
		};
		97CCBFE32DCBB1680028C2E3 /* PBXContainerItemProxy */ = {
			isa = PBXContainerItemProxy;
			containerPortal = 97CCBFBF2DCBB1660028C2E3 /* Project object */;
			proxyType = 1;
			remoteGlobalIDString = 97CCBFC62DCBB1660028C2E3;
			remoteInfo = streamStyle;
		};
/* End PBXContainerItemProxy section */

/* Begin PBXFileReference section */
		97CCBFC72DCBB1660028C2E3 /* streamStyle.app */ = {isa = PBXFileReference; explicitFileType = wrapper.application; includeInIndex = 0; name = streamStyle.app; path = /Users/aoxu/Desktop/streamStyle/build/Debug/streamStyle.app; sourceTree = "<absolute>"; };
		97CCBFD82DCBB1680028C2E3 /* streamStyleTests.xctest */ = {isa = PBXFileReference; explicitFileType = wrapper.cfbundle; includeInIndex = 0; name = streamStyleTests.xctest; path = /Users/aoxu/Desktop/streamStyle/build/Debug/streamStyle.app/Contents/PlugIns/streamStyleTests.xctest; sourceTree = "<absolute>"; };
		97CCBFE22DCBB1680028C2E3 /* streamStyleUITests.xctest */ = {isa = PBXFileReference; explicitFileType = wrapper.cfbundle; includeInIndex = 0; name = streamStyleUITests.xctest; path = "/Users/aoxu/Desktop/streamStyle/build/Debug/streamStyleUITests-Runner.app/Contents/PlugIns/streamStyleUITests.xctest"; sourceTree = "<absolute>"; };
		97CCC0012DCBB81B0028C2E3 /* README.md */ = {isa = PBXFileReference; lastKnownFileType = net.daringfireball.markdown; path = README.md; sourceTree = "<group>"; };
/* End PBXFileReference section */

/* Begin PBXFileSystemSynchronizedRootGroup section */
		97CCBFC92DCBB1660028C2E3 /* streamStyle */ = {
			isa = PBXFileSystemSynchronizedRootGroup;
			path = streamStyle;
			sourceTree = "<group>";
		};
/* End PBXFileSystemSynchronizedRootGroup section */

/* Begin PBXFrameworksBuildPhase section */
		97CCBFC42DCBB1660028C2E3 /* Frameworks */ = {
			isa = PBXFrameworksBuildPhase;
			buildActionMask = 2147483647;
			files = (
				97CCBFF72DCBB21E0028C2E3 /* MarkdownWebView in Frameworks */,
			);
			runOnlyForDeploymentPostprocessing = 0;
		};
		97CCBFD52DCBB1680028C2E3 /* Frameworks */ = {
			isa = PBXFrameworksBuildPhase;
			buildActionMask = 2147483647;
			files = (
			);
			runOnlyForDeploymentPostprocessing = 0;
		};
		97CCBFDF2DCBB1680028C2E3 /* Frameworks */ = {
			isa = PBXFrameworksBuildPhase;
			buildActionMask = 2147483647;
			files = (
			);
			runOnlyForDeploymentPostprocessing = 0;
		};
/* End PBXFrameworksBuildPhase section */

/* Begin PBXGroup section */
		97CCBFBE2DCBB1660028C2E3 = {
			isa = PBXGroup;
			children = (
				97CCBFC92DCBB1660028C2E3 /* streamStyle */,
				97CCC0012DCBB81B0028C2E3 /* README.md */,
			);
			sourceTree = "<group>";
		};
/* End PBXGroup section */

/* Begin PBXNativeTarget section */
		97CCBFC62DCBB1660028C2E3 /* streamStyle */ = {
			isa = PBXNativeTarget;
			buildConfigurationList = 97CCBFEC2DCBB1680028C2E3 /* Build configuration list for PBXNativeTarget "streamStyle" */;
			buildPhases = (
				97CCBFC32DCBB1660028C2E3 /* Sources */,
				97CCBFC42DCBB1660028C2E3 /* Frameworks */,
				97CCBFC52DCBB1660028C2E3 /* Resources */,
			);
			buildRules = (
			);
			dependencies = (
			);
			fileSystemSynchronizedGroups = (
				97CCBFC92DCBB1660028C2E3 /* streamStyle */,
			);
			name = streamStyle;
			packageProductDependencies = (
				97CCBFF62DCBB21E0028C2E3 /* MarkdownWebView */,
			);
			productName = streamStyle;
			productReference = 97CCBFC72DCBB1660028C2E3 /* streamStyle.app */;
			productType = "com.apple.product-type.application";
		};
		97CCBFD72DCBB1680028C2E3 /* streamStyleTests */ = {
			isa = PBXNativeTarget;
			buildConfigurationList = 97CCBFEF2DCBB1680028C2E3 /* Build configuration list for PBXNativeTarget "streamStyleTests" */;
			buildPhases = (
				97CCBFD42DCBB1680028C2E3 /* Sources */,
				97CCBFD52DCBB1680028C2E3 /* Frameworks */,
				97CCBFD62DCBB1680028C2E3 /* Resources */,
			);
			buildRules = (
			);
			dependencies = (
				97CCBFDA2DCBB1680028C2E3 /* PBXTargetDependency */,
			);
			name = streamStyleTests;
			packageProductDependencies = (
			);
			productName = streamStyleTests;
			productReference = 97CCBFD82DCBB1680028C2E3 /* streamStyleTests.xctest */;
			productType = "com.apple.product-type.bundle.unit-test";
		};
		97CCBFE12DCBB1680028C2E3 /* streamStyleUITests */ = {
			isa = PBXNativeTarget;
			buildConfigurationList = 97CCBFF22DCBB1680028C2E3 /* Build configuration list for PBXNativeTarget "streamStyleUITests" */;
			buildPhases = (
				97CCBFDE2DCBB1680028C2E3 /* Sources */,
				97CCBFDF2DCBB1680028C2E3 /* Frameworks */,
				97CCBFE02DCBB1680028C2E3 /* Resources */,
			);
			buildRules = (
			);
			dependencies = (
				97CCBFE42DCBB1680028C2E3 /* PBXTargetDependency */,
			);
			name = streamStyleUITests;
			packageProductDependencies = (
			);
			productName = streamStyleUITests;
			productReference = 97CCBFE22DCBB1680028C2E3 /* streamStyleUITests.xctest */;
			productType = "com.apple.product-type.bundle.ui-testing";
		};
/* End PBXNativeTarget section */

/* Begin PBXProject section */
		97CCBFBF2DCBB1660028C2E3 /* Project object */ = {
			isa = PBXProject;
			attributes = {
				BuildIndependentTargetsInParallel = 1;
				LastSwiftUpdateCheck = 1620;
				LastUpgradeCheck = 1620;
				TargetAttributes = {
					97CCBFC62DCBB1660028C2E3 = {
						CreatedOnToolsVersion = 16.2;
					};
					97CCBFD72DCBB1680028C2E3 = {
						CreatedOnToolsVersion = 16.2;
						TestTargetID = 97CCBFC62DCBB1660028C2E3;
					};
					97CCBFE12DCBB1680028C2E3 = {
						CreatedOnToolsVersion = 16.2;
						TestTargetID = 97CCBFC62DCBB1660028C2E3;
					};
				};
			};
			buildConfigurationList = 97CCBFC22DCBB1660028C2E3 /* Build configuration list for PBXProject "streamStyle" */;
			developmentRegion = en;
			hasScannedForEncodings = 0;
			knownRegions = (
				en,
				Base,
			);
			mainGroup = 97CCBFBE2DCBB1660028C2E3;
			minimizedProjectReferenceProxies = 1;
			packageReferences = (
				97CCBFF52DCBB21E0028C2E3 /* XCRemoteSwiftPackageReference "markdown-webview" */,
			);
			preferredProjectObjectVersion = 77;
			productRefGroup = 97CCBFBE2DCBB1660028C2E3;
			projectDirPath = "";
			projectRoot = "";
			targets = (
				97CCBFC62DCBB1660028C2E3 /* streamStyle */,
				97CCBFD72DCBB1680028C2E3 /* streamStyleTests */,
				97CCBFE12DCBB1680028C2E3 /* streamStyleUITests */,
			);
		};
/* End PBXProject section */

/* Begin PBXResourcesBuildPhase section */
		97CCBFC52DCBB1660028C2E3 /* Resources */ = {
			isa = PBXResourcesBuildPhase;
			buildActionMask = 2147483647;
			files = (
				97CCC0072DCBB81B0028C2E3 /* README.md in Resources */,
			);
			runOnlyForDeploymentPostprocessing = 0;
		};
		97CCBFD62DCBB1680028C2E3 /* Resources */ = {
			isa = PBXResourcesBuildPhase;
			buildActionMask = 2147483647;
			files = (
			);
			runOnlyForDeploymentPostprocessing = 0;
		};
		97CCBFE02DCBB1680028C2E3 /* Resources */ = {
			isa = PBXResourcesBuildPhase;
			buildActionMask = 2147483647;
			files = (
			);
			runOnlyForDeploymentPostprocessing = 0;
		};
/* End PBXResourcesBuildPhase section */

/* Begin PBXSourcesBuildPhase section */
		97CCBFC32DCBB1660028C2E3 /* Sources */ = {
			isa = PBXSourcesBuildPhase;
			buildActionMask = 2147483647;
			files = (
			);
			runOnlyForDeploymentPostprocessing = 0;
		};
		97CCBFD42DCBB1680028C2E3 /* Sources */ = {
			isa = PBXSourcesBuildPhase;
			buildActionMask = 2147483647;
			files = (
			);
			runOnlyForDeploymentPostprocessing = 0;
		};
		97CCBFDE2DCBB1680028C2E3 /* Sources */ = {
			isa = PBXSourcesBuildPhase;
			buildActionMask = 2147483647;
			files = (
			);
			runOnlyForDeploymentPostprocessing = 0;
		};
/* End PBXSourcesBuildPhase section */

/* Begin PBXTargetDependency section */
		97CCBFDA2DCBB1680028C2E3 /* PBXTargetDependency */ = {
			isa = PBXTargetDependency;
			target = 97CCBFC62DCBB1660028C2E3 /* streamStyle */;
			targetProxy = 97CCBFD92DCBB1680028C2E3 /* PBXContainerItemProxy */;
		};
		97CCBFE42DCBB1680028C2E3 /* PBXTargetDependency */ = {
			isa = PBXTargetDependency;
			target = 97CCBFC62DCBB1660028C2E3 /* streamStyle */;
			targetProxy = 97CCBFE32DCBB1680028C2E3 /* PBXContainerItemProxy */;
		};
/* End PBXTargetDependency section */

/* Begin XCBuildConfiguration section */
		97CCBFEA2DCBB1680028C2E3 /* Debug */ = {
			isa = XCBuildConfiguration;
			buildSettings = {
				ALWAYS_SEARCH_USER_PATHS = NO;
				ASSETCATALOG_COMPILER_GENERATE_SWIFT_ASSET_SYMBOL_EXTENSIONS = YES;
				CLANG_ANALYZER_NONNULL = YES;
				CLANG_ANALYZER_NUMBER_OBJECT_CONVERSION = YES_AGGRESSIVE;
				CLANG_CXX_LANGUAGE_STANDARD = "gnu++20";
				CLANG_ENABLE_MODULES = YES;
				CLANG_ENABLE_OBJC_ARC = YES;
				CLANG_ENABLE_OBJC_WEAK = YES;
				CLANG_WARN_BLOCK_CAPTURE_AUTORELEASING = YES;
				CLANG_WARN_BOOL_CONVERSION = YES;
				CLANG_WARN_COMMA = YES;
				CLANG_WARN_CONSTANT_CONVERSION = YES;
				CLANG_WARN_DEPRECATED_OBJC_IMPLEMENTATIONS = YES;
				CLANG_WARN_DIRECT_OBJC_ISA_USAGE = YES_ERROR;
				CLANG_WARN_DOCUMENTATION_COMMENTS = YES;
				CLANG_WARN_EMPTY_BODY = YES;
				CLANG_WARN_ENUM_CONVERSION = YES;
				CLANG_WARN_INFINITE_RECURSION = YES;
				CLANG_WARN_INT_CONVERSION = YES;
				CLANG_WARN_NON_LITERAL_NULL_CONVERSION = YES;
				CLANG_WARN_OBJC_IMPLICIT_RETAIN_SELF = YES;
				CLANG_WARN_OBJC_LITERAL_CONVERSION = YES;
				CLANG_WARN_OBJC_ROOT_CLASS = YES_ERROR;
				CLANG_WARN_QUOTED_INCLUDE_IN_FRAMEWORK_HEADER = YES;
				CLANG_WARN_RANGE_LOOP_ANALYSIS = YES;
				CLANG_WARN_STRICT_PROTOTYPES = YES;
				CLANG_WARN_SUSPICIOUS_MOVE = YES;
				CLANG_WARN_UNGUARDED_AVAILABILITY = YES_AGGRESSIVE;
				CLANG_WARN_UNREACHABLE_CODE = YES;
				CLANG_WARN__DUPLICATE_METHOD_MATCH = YES;
				COPY_PHASE_STRIP = NO;
				DEBUG_INFORMATION_FORMAT = dwarf;
				ENABLE_STRICT_OBJC_MSGSEND = YES;
				ENABLE_TESTABILITY = YES;
				ENABLE_USER_SCRIPT_SANDBOXING = YES;
				GCC_C_LANGUAGE_STANDARD = gnu17;
				GCC_DYNAMIC_NO_PIC = NO;
				GCC_NO_COMMON_BLOCKS = YES;
				GCC_OPTIMIZATION_LEVEL = 0;
				GCC_PREPROCESSOR_DEFINITIONS = (
					"DEBUG=1",
					"$(inherited)",
				);
				GCC_WARN_64_TO_32_BIT_CONVERSION = YES;
				GCC_WARN_ABOUT_RETURN_TYPE = YES_ERROR;
				GCC_WARN_UNDECLARED_SELECTOR = YES;
				GCC_WARN_UNINITIALIZED_AUTOS = YES_AGGRESSIVE;
				GCC_WARN_UNUSED_FUNCTION = YES;
				GCC_WARN_UNUSED_VARIABLE = YES;
				LOCALIZATION_PREFERS_STRING_CATALOGS = YES;
				MTL_ENABLE_DEBUG_INFO = INCLUDE_SOURCE;
				MTL_FAST_MATH = YES;
				ONLY_ACTIVE_ARCH = YES;
				SWIFT_ACTIVE_COMPILATION_CONDITIONS = "DEBUG $(inherited)";
				SWIFT_OPTIMIZATION_LEVEL = "-Onone";
			};
			name = Debug;
		};
		97CCBFEB2DCBB1680028C2E3 /* Release */ = {
			isa = XCBuildConfiguration;
			buildSettings = {
				ALWAYS_SEARCH_USER_PATHS = NO;
				ASSETCATALOG_COMPILER_GENERATE_SWIFT_ASSET_SYMBOL_EXTENSIONS = YES;
				CLANG_ANALYZER_NONNULL = YES;
				CLANG_ANALYZER_NUMBER_OBJECT_CONVERSION = YES_AGGRESSIVE;
				CLANG_CXX_LANGUAGE_STANDARD = "gnu++20";
				CLANG_ENABLE_MODULES = YES;
				CLANG_ENABLE_OBJC_ARC = YES;
				CLANG_ENABLE_OBJC_WEAK = YES;
				CLANG_WARN_BLOCK_CAPTURE_AUTORELEASING = YES;
				CLANG_WARN_BOOL_CONVERSION = YES;
				CLANG_WARN_COMMA = YES;
				CLANG_WARN_CONSTANT_CONVERSION = YES;
				CLANG_WARN_DEPRECATED_OBJC_IMPLEMENTATIONS = YES;
				CLANG_WARN_DIRECT_OBJC_ISA_USAGE = YES_ERROR;
				CLANG_WARN_DOCUMENTATION_COMMENTS = YES;
				CLANG_WARN_EMPTY_BODY = YES;
				CLANG_WARN_ENUM_CONVERSION = YES;
				CLANG_WARN_INFINITE_RECURSION = YES;
				CLANG_WARN_INT_CONVERSION = YES;
				CLANG_WARN_NON_LITERAL_NULL_CONVERSION = YES;
				CLANG_WARN_OBJC_IMPLICIT_RETAIN_SELF = YES;
				CLANG_WARN_OBJC_LITERAL_CONVERSION = YES;
				CLANG_WARN_OBJC_ROOT_CLASS = YES_ERROR;
				CLANG_WARN_QUOTED_INCLUDE_IN_FRAMEWORK_HEADER = YES;
				CLANG_WARN_RANGE_LOOP_ANALYSIS = YES;
				CLANG_WARN_STRICT_PROTOTYPES = YES;
				CLANG_WARN_SUSPICIOUS_MOVE = YES;
				CLANG_WARN_UNGUARDED_AVAILABILITY = YES_AGGRESSIVE;
				CLANG_WARN_UNREACHABLE_CODE = YES;
				CLANG_WARN__DUPLICATE_METHOD_MATCH = YES;
				COPY_PHASE_STRIP = NO;
				DEBUG_INFORMATION_FORMAT = "dwarf-with-dsym";
				ENABLE_NS_ASSERTIONS = NO;
				ENABLE_STRICT_OBJC_MSGSEND = YES;
				ENABLE_USER_SCRIPT_SANDBOXING = YES;
				GCC_C_LANGUAGE_STANDARD = gnu17;
				GCC_NO_COMMON_BLOCKS = YES;
				GCC_WARN_64_TO_32_BIT_CONVERSION = YES;
				GCC_WARN_ABOUT_RETURN_TYPE = YES_ERROR;
				GCC_WARN_UNDECLARED_SELECTOR = YES;
				GCC_WARN_UNINITIALIZED_AUTOS = YES_AGGRESSIVE;
				GCC_WARN_UNUSED_FUNCTION = YES;
				GCC_WARN_UNUSED_VARIABLE = YES;
				LOCALIZATION_PREFERS_STRING_CATALOGS = YES;
				MTL_ENABLE_DEBUG_INFO = NO;
				MTL_FAST_MATH = YES;
				SWIFT_COMPILATION_MODE = wholemodule;
			};
			name = Release;
		};
		97CCBFED2DCBB1680028C2E3 /* Debug */ = {
			isa = XCBuildConfiguration;
			buildSettings = {
				ASSETCATALOG_COMPILER_APPICON_NAME = AppIcon;
				ASSETCATALOG_COMPILER_GLOBAL_ACCENT_COLOR_NAME = AccentColor;
				CODE_SIGN_ENTITLEMENTS = streamStyle/streamStyle.entitlements;
				CODE_SIGN_STYLE = Automatic;
				CURRENT_PROJECT_VERSION = 1;
				DEVELOPMENT_ASSET_PATHS = "\"streamStyle/Preview Content\"";
				DEVELOPMENT_TEAM = VQ9QN4492W;
				ENABLE_HARDENED_RUNTIME = YES;
				ENABLE_PREVIEWS = YES;
				GENERATE_INFOPLIST_FILE = YES;
				"INFOPLIST_KEY_UIApplicationSceneManifest_Generation[sdk=iphoneos*]" = YES;
				"INFOPLIST_KEY_UIApplicationSceneManifest_Generation[sdk=iphonesimulator*]" = YES;
				"INFOPLIST_KEY_UIApplicationSupportsIndirectInputEvents[sdk=iphoneos*]" = YES;
				"INFOPLIST_KEY_UIApplicationSupportsIndirectInputEvents[sdk=iphonesimulator*]" = YES;
				"INFOPLIST_KEY_UILaunchScreen_Generation[sdk=iphoneos*]" = YES;
				"INFOPLIST_KEY_UILaunchScreen_Generation[sdk=iphonesimulator*]" = YES;
				"INFOPLIST_KEY_UIStatusBarStyle[sdk=iphoneos*]" = UIStatusBarStyleDefault;
				"INFOPLIST_KEY_UIStatusBarStyle[sdk=iphonesimulator*]" = UIStatusBarStyleDefault;
				INFOPLIST_KEY_UISupportedInterfaceOrientations_iPad = "UIInterfaceOrientationPortrait UIInterfaceOrientationPortraitUpsideDown UIInterfaceOrientationLandscapeLeft UIInterfaceOrientationLandscapeRight";
				INFOPLIST_KEY_UISupportedInterfaceOrientations_iPhone = "UIInterfaceOrientationPortrait UIInterfaceOrientationLandscapeLeft UIInterfaceOrientationLandscapeRight";
				IPHONEOS_DEPLOYMENT_TARGET = 18.2;
				LD_RUNPATH_SEARCH_PATHS = "@executable_path/Frameworks";
				"LD_RUNPATH_SEARCH_PATHS[sdk=macosx*]" = "@executable_path/../Frameworks";
				MACOSX_DEPLOYMENT_TARGET = 15.2;
				MARKETING_VERSION = 1.0;
				PRODUCT_BUNDLE_IDENTIFIER = xiaoyuan.streamStyle;
				PRODUCT_NAME = "$(TARGET_NAME)";
				SDKROOT = auto;
				SUPPORTED_PLATFORMS = "iphoneos iphonesimulator";
				SUPPORTS_MACCATALYST = NO;
				SWIFT_EMIT_LOC_STRINGS = YES;
				SWIFT_VERSION = 5.0;
				TARGETED_DEVICE_FAMILY = 1;
				XROS_DEPLOYMENT_TARGET = 2.2;
			};
			name = Debug;
		};
		97CCBFEE2DCBB1680028C2E3 /* Release */ = {
			isa = XCBuildConfiguration;
			buildSettings = {
				ASSETCATALOG_COMPILER_APPICON_NAME = AppIcon;
				ASSETCATALOG_COMPILER_GLOBAL_ACCENT_COLOR_NAME = AccentColor;
				CODE_SIGN_ENTITLEMENTS = streamStyle/streamStyle.entitlements;
				CODE_SIGN_STYLE = Automatic;
				CURRENT_PROJECT_VERSION = 1;
				DEVELOPMENT_ASSET_PATHS = "\"streamStyle/Preview Content\"";
				DEVELOPMENT_TEAM = VQ9QN4492W;
				ENABLE_HARDENED_RUNTIME = YES;
				ENABLE_PREVIEWS = YES;
				GENERATE_INFOPLIST_FILE = YES;
				"INFOPLIST_KEY_UIApplicationSceneManifest_Generation[sdk=iphoneos*]" = YES;
				"INFOPLIST_KEY_UIApplicationSceneManifest_Generation[sdk=iphonesimulator*]" = YES;
				"INFOPLIST_KEY_UIApplicationSupportsIndirectInputEvents[sdk=iphoneos*]" = YES;
				"INFOPLIST_KEY_UIApplicationSupportsIndirectInputEvents[sdk=iphonesimulator*]" = YES;
				"INFOPLIST_KEY_UILaunchScreen_Generation[sdk=iphoneos*]" = YES;
				"INFOPLIST_KEY_UILaunchScreen_Generation[sdk=iphonesimulator*]" = YES;
				"INFOPLIST_KEY_UIStatusBarStyle[sdk=iphoneos*]" = UIStatusBarStyleDefault;
				"INFOPLIST_KEY_UIStatusBarStyle[sdk=iphonesimulator*]" = UIStatusBarStyleDefault;
				INFOPLIST_KEY_UISupportedInterfaceOrientations_iPad = "UIInterfaceOrientationPortrait UIInterfaceOrientationPortraitUpsideDown UIInterfaceOrientationLandscapeLeft UIInterfaceOrientationLandscapeRight";
				INFOPLIST_KEY_UISupportedInterfaceOrientations_iPhone = "UIInterfaceOrientationPortrait UIInterfaceOrientationLandscapeLeft UIInterfaceOrientationLandscapeRight";
				IPHONEOS_DEPLOYMENT_TARGET = 18.2;
				LD_RUNPATH_SEARCH_PATHS = "@executable_path/Frameworks";
				"LD_RUNPATH_SEARCH_PATHS[sdk=macosx*]" = "@executable_path/../Frameworks";
				MACOSX_DEPLOYMENT_TARGET = 15.2;
				MARKETING_VERSION = 1.0;
				PRODUCT_BUNDLE_IDENTIFIER = xiaoyuan.streamStyle;
				PRODUCT_NAME = "$(TARGET_NAME)";
				SDKROOT = auto;
				SUPPORTED_PLATFORMS = "iphoneos iphonesimulator";
				SUPPORTS_MACCATALYST = NO;
				SWIFT_EMIT_LOC_STRINGS = YES;
				SWIFT_VERSION = 5.0;
				TARGETED_DEVICE_FAMILY = 1;
				XROS_DEPLOYMENT_TARGET = 2.2;
			};
			name = Release;
		};
		97CCBFF02DCBB1680028C2E3 /* Debug */ = {
			isa = XCBuildConfiguration;
			buildSettings = {
				BUNDLE_LOADER = "$(TEST_HOST)";
				CODE_SIGN_STYLE = Automatic;
				CURRENT_PROJECT_VERSION = 1;
				DEVELOPMENT_TEAM = VQ9QN4492W;
				GENERATE_INFOPLIST_FILE = YES;
				IPHONEOS_DEPLOYMENT_TARGET = 18.2;
				MACOSX_DEPLOYMENT_TARGET = 15.2;
				MARKETING_VERSION = 1.0;
				PRODUCT_BUNDLE_IDENTIFIER = xiaoyuan.streamStyleTests;
				PRODUCT_NAME = "$(TARGET_NAME)";
				SDKROOT = auto;
				SUPPORTED_PLATFORMS = "iphoneos iphonesimulator macosx xros xrsimulator";
				SWIFT_EMIT_LOC_STRINGS = NO;
				SWIFT_VERSION = 5.0;
				TARGETED_DEVICE_FAMILY = "1,2,7";
				TEST_HOST = "$(BUILT_PRODUCTS_DIR)/streamStyle.app/$(BUNDLE_EXECUTABLE_FOLDER_PATH)/streamStyle";
				XROS_DEPLOYMENT_TARGET = 2.2;
			};
			name = Debug;
		};
		97CCBFF12DCBB1680028C2E3 /* Release */ = {
			isa = XCBuildConfiguration;
			buildSettings = {
				BUNDLE_LOADER = "$(TEST_HOST)";
				CODE_SIGN_STYLE = Automatic;
				CURRENT_PROJECT_VERSION = 1;
				DEVELOPMENT_TEAM = VQ9QN4492W;
				GENERATE_INFOPLIST_FILE = YES;
				IPHONEOS_DEPLOYMENT_TARGET = 18.2;
				MACOSX_DEPLOYMENT_TARGET = 15.2;
				MARKETING_VERSION = 1.0;
				PRODUCT_BUNDLE_IDENTIFIER = xiaoyuan.streamStyleTests;
				PRODUCT_NAME = "$(TARGET_NAME)";
				SDKROOT = auto;
				SUPPORTED_PLATFORMS = "iphoneos iphonesimulator macosx xros xrsimulator";
				SWIFT_EMIT_LOC_STRINGS = NO;
				SWIFT_VERSION = 5.0;
				TARGETED_DEVICE_FAMILY = "1,2,7";
				TEST_HOST = "$(BUILT_PRODUCTS_DIR)/streamStyle.app/$(BUNDLE_EXECUTABLE_FOLDER_PATH)/streamStyle";
				XROS_DEPLOYMENT_TARGET = 2.2;
			};
			name = Release;
		};
		97CCBFF32DCBB1680028C2E3 /* Debug */ = {
			isa = XCBuildConfiguration;
			buildSettings = {
				CODE_SIGN_STYLE = Automatic;
				CURRENT_PROJECT_VERSION = 1;
				DEVELOPMENT_TEAM = VQ9QN4492W;
				GENERATE_INFOPLIST_FILE = YES;
				IPHONEOS_DEPLOYMENT_TARGET = 18.2;
				MACOSX_DEPLOYMENT_TARGET = 15.2;
				MARKETING_VERSION = 1.0;
				PRODUCT_BUNDLE_IDENTIFIER = xiaoyuan.streamStyleUITests;
				PRODUCT_NAME = "$(TARGET_NAME)";
				SDKROOT = auto;
				SUPPORTED_PLATFORMS = "iphoneos iphonesimulator macosx xros xrsimulator";
				SWIFT_EMIT_LOC_STRINGS = NO;
				SWIFT_VERSION = 5.0;
				TARGETED_DEVICE_FAMILY = "1,2,7";
				TEST_TARGET_NAME = streamStyle;
				XROS_DEPLOYMENT_TARGET = 2.2;
			};
			name = Debug;
		};
		97CCBFF42DCBB1680028C2E3 /* Release */ = {
			isa = XCBuildConfiguration;
			buildSettings = {
				CODE_SIGN_STYLE = Automatic;
				CURRENT_PROJECT_VERSION = 1;
				DEVELOPMENT_TEAM = VQ9QN4492W;
				GENERATE_INFOPLIST_FILE = YES;
				IPHONEOS_DEPLOYMENT_TARGET = 18.2;
				MACOSX_DEPLOYMENT_TARGET = 15.2;
				MARKETING_VERSION = 1.0;
				PRODUCT_BUNDLE_IDENTIFIER = xiaoyuan.streamStyleUITests;
				PRODUCT_NAME = "$(TARGET_NAME)";
				SDKROOT = auto;
				SUPPORTED_PLATFORMS = "iphoneos iphonesimulator macosx xros xrsimulator";
				SWIFT_EMIT_LOC_STRINGS = NO;
				SWIFT_VERSION = 5.0;
				TARGETED_DEVICE_FAMILY = "1,2,7";
				TEST_TARGET_NAME = streamStyle;
				XROS_DEPLOYMENT_TARGET = 2.2;
			};
			name = Release;
		};
/* End XCBuildConfiguration section */

/* Begin XCConfigurationList section */
		97CCBFC22DCBB1660028C2E3 /* Build configuration list for PBXProject "streamStyle" */ = {
			isa = XCConfigurationList;
			buildConfigurations = (
				97CCBFEA2DCBB1680028C2E3 /* Debug */,
				97CCBFEB2DCBB1680028C2E3 /* Release */,
			);
			defaultConfigurationIsVisible = 0;
			defaultConfigurationName = Release;
		};
		97CCBFEC2DCBB1680028C2E3 /* Build configuration list for PBXNativeTarget "streamStyle" */ = {
			isa = XCConfigurationList;
			buildConfigurations = (
				97CCBFED2DCBB1680028C2E3 /* Debug */,
				97CCBFEE2DCBB1680028C2E3 /* Release */,
			);
			defaultConfigurationIsVisible = 0;
			defaultConfigurationName = Release;
		};
		97CCBFEF2DCBB1680028C2E3 /* Build configuration list for PBXNativeTarget "streamStyleTests" */ = {
			isa = XCConfigurationList;
			buildConfigurations = (
				97CCBFF02DCBB1680028C2E3 /* Debug */,
				97CCBFF12DCBB1680028C2E3 /* Release */,
			);
			defaultConfigurationIsVisible = 0;
			defaultConfigurationName = Release;
		};
		97CCBFF22DCBB1680028C2E3 /* Build configuration list for PBXNativeTarget "streamStyleUITests" */ = {
			isa = XCConfigurationList;
			buildConfigurations = (
				97CCBFF32DCBB1680028C2E3 /* Debug */,
				97CCBFF42DCBB1680028C2E3 /* Release */,
			);
			defaultConfigurationIsVisible = 0;
			defaultConfigurationName = Release;
		};
/* End XCConfigurationList section */

/* Begin XCRemoteSwiftPackageReference section */
		97CCBFF52DCBB21E0028C2E3 /* XCRemoteSwiftPackageReference "markdown-webview" */ = {
			isa = XCRemoteSwiftPackageReference;
			repositoryURL = "https://github.com/tomdai/markdown-webview";
			requirement = {
				kind = upToNextMajorVersion;
				minimumVersion = 2.0.1;
			};
		};
/* End XCRemoteSwiftPackageReference section */

/* Begin XCSwiftPackageProductDependency section */
		97CCBFF62DCBB21E0028C2E3 /* MarkdownWebView */ = {
			isa = XCSwiftPackageProductDependency;
			package = 97CCBFF52DCBB21E0028C2E3 /* XCRemoteSwiftPackageReference "markdown-webview" */;
			productName = MarkdownWebView;
		};
/* End XCSwiftPackageProductDependency section */
	};
	rootObject = 97CCBFBF2DCBB1660028C2E3 /* Project object */;
}
